
Microsoft Visual Studio Solution File, Format Version 12.00
# Visual Studio Version 17
VisualStudioVersion = 17.12.35527.113
MinimumVisualStudioVersion = 10.0.40219.1
Project("{FAE04EC0-301F-11D3-BF4B-00C04F79EFBC}") = "ServiceDeskToolsApp", "src\ServiceDeskToolsApp\ServiceDeskToolsApp.csproj", "{DC8A48A8-833A-4EED-92DF-606DB04784E5}"
EndProject
Project("{FAE04EC0-301F-11D3-BF4B-00C04F79EFBC}") = "EzActiveDirectory", "src\ActiveDirectory\src\EzActiveDirectory\EzActiveDirectory.csproj", "{4A340D06-24E0-4C4B-9FFA-B7FF449FE927}"
EndProject
Global
	GlobalSection(SolutionConfigurationPlatforms) = preSolution
		Debug|Any CPU = Debug|Any CPU
		Release|Any CPU = Release|Any CPU
	EndGlobalSection
	GlobalSection(ProjectConfigurationPlatforms) = postSolution
		{DC8A48A8-833A-4EED-92DF-606DB04784E5}.Debug|Any CPU.ActiveCfg = Debug|Any CPU
		{DC8A48A8-833A-4EED-92DF-606DB04784E5}.Debug|Any CPU.Build.0 = Debug|Any CPU
		{DC8A48A8-833A-4EED-92DF-606DB04784E5}.Release|Any CPU.ActiveCfg = Release|Any CPU
		{DC8A48A8-833A-4EED-92DF-606DB04784E5}.Release|Any CPU.Build.0 = Release|Any CPU
		{4A340D06-24E0-4C4B-9FFA-B7FF449FE927}.Debug|Any CPU.ActiveCfg = Debug|Any CPU
		{4A340D06-24E0-4C4B-9FFA-B7FF449FE927}.Debug|Any CPU.Build.0 = Debug|Any CPU
		{4A340D06-24E0-4C4B-9FFA-B7FF449FE927}.Release|Any CPU.ActiveCfg = Release|Any CPU
		{4A340D06-24E0-4C4B-9FFA-B7FF449FE927}.Release|Any CPU.Build.0 = Release|Any CPU
	EndGlobalSection
	GlobalSection(SolutionProperties) = preSolution
		HideSolutionNode = FALSE
	EndGlobalSection
EndGlobal
